<?xml version="1.0" encoding="utf-8"?>
<Project ToolsVersion="4.0" xmlns="http://schemas.microsoft.com/developer/msbuild/2003">
  <ItemGroup>
    <Filter Include="Source Files">
      <UniqueIdentifier>{4FC737F1-C7A5-4376-A066-2A32D752A2FF}</UniqueIdentifier>
      <Extensions>cpp;c;cc;cxx;def;odl;idl;hpj;bat;asm;asmx</Extensions>
    </Filter>
    <Filter Include="Header Files">
      <UniqueIdentifier>{93995380-89BD-4b04-88EB-625FBE52EBFB}</UniqueIdentifier>
      <Extensions>h;hh;hpp;hxx;hm;inl;inc;xsd</Extensions>
    </Filter>
    <Filter Include="Resource Files">
      <UniqueIdentifier>{67DA6AB6-F800-4c08-8B7A-83BB121AAD01}</UniqueIdentifier>
      <Extensions>rc;ico;cur;bmp;dlg;rc2;rct;bin;rgs;gif;jpg;jpeg;jpe;resx;tiff;tif;png;wav;mfcribbon-ms</Extensions>
    </Filter>
  </ItemGroup>
  <ItemGroup>
    <Text Include="ReadMe.txt" />
  </ItemGroup>
  <ItemGroup>
    <ClInclude Include="..\common\h\common-includes.h">
      <Filter>Header Files</Filter>
    </ClInclude>
    <ClInclude Include="..\common\h\LaTeXRenderer.h">
      <Filter>Header Files</Filter>
    </ClInclude>
    <ClInclude Include="..\common\h\liblouis-mt.h">
      <Filter>Header Files</Filter>
    </ClInclude>
    <ClInclude Include="..\common\h\logging.h">
      <Filter>Header Files</Filter>
    </ClInclude>
    <ClInclude Include="..\common\h\MathDocument.h">
      <Filter>Header Files</Filter>
    </ClInclude>
    <ClInclude Include="..\common\h\MathDocumentElements.h">
      <Filter>Header Files</Filter>
    </ClInclude>
    <ClInclude Include="..\common\h\MathDocumentLine.h">
      <Filter>Header Files</Filter>
    </ClInclude>
    <ClInclude Include="..\common\h\MathExceptions.h">
      <Filter>Header Files</Filter>
    </ClInclude>
    <ClInclude Include="..\common\h\MathInterpreter.h">
      <Filter>Header Files</Filter>
    </ClInclude>
    <ClInclude Include="..\common\h\MathInterpreterMsg.h">
      <Filter>Header Files</Filter>
    </ClInclude>
    <ClInclude Include="..\common\h\MathRenderer.h">
      <Filter>Header Files</Filter>
    </ClInclude>
    <ClInclude Include="..\common\h\MathSourceFile.h">
      <Filter>Header Files</Filter>
    </ClInclude>
    <ClInclude Include="..\common\h\mathtext.h">
      <Filter>Header Files</Filter>
    </ClInclude>
    <ClInclude Include="..\common\h\UEBRenderer.h">
      <Filter>Header Files</Filter>
    </ClInclude>
    <ClInclude Include="..\common\h\utility.h">
      <Filter>Header Files</Filter>
    </ClInclude>
    <ClInclude Include="gui\ChildFrm.h">
      <Filter>Header Files</Filter>
    </ClInclude>
    <ClInclude Include="gui\MainFrm.h">
      <Filter>Header Files</Filter>
    </ClInclude>
    <ClInclude Include="gui\MathText.h">
      <Filter>Header Files</Filter>
    </ClInclude>
    <ClInclude Include="gui\MathTextDoc.h">
      <Filter>Header Files</Filter>
    </ClInclude>
    <ClInclude Include="gui\MathTextView.h">
      <Filter>Header Files</Filter>
    </ClInclude>
    <ClInclude Include="gui\Resource.h">
      <Filter>Header Files</Filter>
    </ClInclude>
    <ClInclude Include="gui\targetver.h">
      <Filter>Header Files</Filter>
    </ClInclude>
  </ItemGroup>
  <ItemGroup>
    <ClCompile Include="..\common\elements\MDE.cpp">
      <Filter>Source Files</Filter>
    </ClCompile>
    <ClCompile Include="..\common\elements\MDE_Command.cpp">
      <Filter>Source Files</Filter>
    </ClCompile>
    <ClCompile Include="..\common\elements\MDE_Comparator.cpp">
      <Filter>Source Files</Filter>
    </ClCompile>
    <ClCompile Include="..\common\elements\MDE_Exponent.cpp">
      <Filter>Source Files</Filter>
    </ClCompile>
    <ClCompile Include="..\common\elements\MDE_Fraction.cpp">
      <Filter>Source Files</Filter>
    </ClCompile>
    <ClCompile Include="..\common\elements\MDE_GenericText.cpp">
      <Filter>Source Files</Filter>
    </ClCompile>
    <ClCompile Include="..\common\elements\MDE_GreekLetter.cpp">
      <Filter>Source Files</Filter>
    </ClCompile>
    <ClCompile Include="..\common\elements\MDE_ItemNumber.cpp">
      <Filter>Source Files</Filter>
    </ClCompile>
    <ClCompile Include="..\common\elements\MDE_LineBreak.cpp">
      <Filter>Source Files</Filter>
    </ClCompile>
    <ClCompile Include="..\common\elements\MDE_MathBlock.cpp">
      <Filter>Source Files</Filter>
    </ClCompile>
    <ClCompile Include="..\common\elements\MDE_ModeMarker.cpp">
      <Filter>Source Files</Filter>
    </ClCompile>
    <ClCompile Include="..\common\elements\MDE_Modifier.cpp">
      <Filter>Source Files</Filter>
    </ClCompile>
    <ClCompile Include="..\common\elements\MDE_Number.cpp">
      <Filter>Source Files</Filter>
    </ClCompile>
    <ClCompile Include="..\common\elements\MDE_Operator.cpp">
      <Filter>Source Files</Filter>
    </ClCompile>
    <ClCompile Include="..\common\elements\MDE_Root.cpp">
      <Filter>Source Files</Filter>
    </ClCompile>
    <ClCompile Include="..\common\elements\MDE_SourceLine.cpp">
      <Filter>Source Files</Filter>
    </ClCompile>
    <ClCompile Include="..\common\elements\MDE_Subscript.cpp">
      <Filter>Source Files</Filter>
    </ClCompile>
    <ClCompile Include="..\common\elements\MDE_Symbol.cpp">
      <Filter>Source Files</Filter>
    </ClCompile>
    <ClCompile Include="..\common\elements\MDE_TextBlock.cpp">
      <Filter>Source Files</Filter>
    </ClCompile>
    <ClCompile Include="..\common\interpreters\InterpretCommands.cpp">
      <Filter>Source Files</Filter>
    </ClCompile>
    <ClCompile Include="..\common\interpreters\InterpretComparators.cpp">
      <Filter>Source Files</Filter>
    </ClCompile>
    <ClCompile Include="..\common\interpreters\InterpretExponents.cpp">
      <Filter>Source Files</Filter>
    </ClCompile>
    <ClCompile Include="..\common\interpreters\InterpretFractions.cpp">
      <Filter>Source Files</Filter>
    </ClCompile>
    <ClCompile Include="..\common\interpreters\InterpretGreek.cpp">
      <Filter>Source Files</Filter>
    </ClCompile>
    <ClCompile Include="..\common\interpreters\InterpretItemNumbers.cpp">
      <Filter>Source Files</Filter>
    </ClCompile>
    <ClCompile Include="..\common\interpreters\InterpretModifiers.cpp">
      <Filter>Source Files</Filter>
    </ClCompile>
    <ClCompile Include="..\common\interpreters\InterpretNumbers.cpp">
      <Filter>Source Files</Filter>
    </ClCompile>
    <ClCompile Include="..\common\interpreters\InterpretOperators.cpp">
      <Filter>Source Files</Filter>
    </ClCompile>
    <ClCompile Include="..\common\interpreters\InterpretRoots.cpp">
      <Filter>Source Files</Filter>
    </ClCompile>
    <ClCompile Include="..\common\interpreters\InterpretSubscripts.cpp">
      <Filter>Source Files</Filter>
    </ClCompile>
    <ClCompile Include="..\common\interpreters\InterpretSymbols.cpp">
      <Filter>Source Files</Filter>
    </ClCompile>
    <ClCompile Include="..\common\logging.cpp">
      <Filter>Source Files</Filter>
    </ClCompile>
    <ClCompile Include="..\common\MathDocument.cpp">
      <Filter>Source Files</Filter>
    </ClCompile>
    <ClCompile Include="..\common\MathDocumentLine.cpp">
      <Filter>Source Files</Filter>
    </ClCompile>
    <ClCompile Include="..\common\MathInterpreter.cpp">
      <Filter>Source Files</Filter>
    </ClCompile>
    <ClCompile Include="..\common\MathInterpreterMsg.cpp">
      <Filter>Source Files</Filter>
    </ClCompile>
    <ClCompile Include="..\common\MathSourceFile.cpp">
      <Filter>Source Files</Filter>
    </ClCompile>
    <ClCompile Include="..\common\renderers\LaTeXRenderer.cpp">
      <Filter>Source Files</Filter>
    </ClCompile>
    <ClCompile Include="..\common\renderers\MathRenderer.cpp">
      <Filter>Source Files</Filter>
    </ClCompile>
    <ClCompile Include="..\common\renderers\UEBRenderer.cpp">
      <Filter>Source Files</Filter>
    </ClCompile>
    <ClCompile Include="..\common\utility.cpp">
      <Filter>Source Files</Filter>
    </ClCompile>
    <ClCompile Include="gui\ChildFrm.cpp">
      <Filter>Source Files</Filter>
    </ClCompile>
    <ClCompile Include="gui\MainFrm.cpp">
      <Filter>Source Files</Filter>
    </ClCompile>
    <ClCompile Include="gui\MathText.cpp">
      <Filter>Source Files</Filter>
    </ClCompile>
    <ClCompile Include="gui\MathTextDoc.cpp">
      <Filter>Source Files</Filter>
    </ClCompile>
    <ClCompile Include="gui\MathTextView.cpp">
      <Filter>Source Files</Filter>
    </ClCompile>
    <ClCompile Include="common-includes.cpp">
      <Filter>Source Files</Filter>
    </ClCompile>
  </ItemGroup>
  <ItemGroup>
    <None Include="res\MathText.rc2">
      <Filter>Resource Files</Filter>
    </None>
    <None Include="gui\MathText.reg" />
  </ItemGroup>
  <ItemGroup>
    <Image Include="res\MathTextDoc.ico">
      <Filter>Resource Files</Filter>
    </Image>
    <Image Include="res\MathText.ico">
      <Filter>Resource Files</Filter>
    </Image>
    <Image Include="res\Toolbar.bmp">
      <Filter>Resource Files</Filter>
    </Image>
    <Image Include="res\Toolbar256.bmp">
      <Filter>Resource Files</Filter>
    </Image>
    <Image Include="gui\UserImages.bmp">
      <Filter>Resource Files</Filter>
    </Image>
  </ItemGroup>
  <ItemGroup>
    <ResourceCompile Include="gui\MathText.rc">
      <Filter>Resource Files</Filter>
    </ResourceCompile>
  </ItemGroup>
</Project>